// !$*UTF8*$!
{
	archiveVersion = 1;
	classes = {
	};
	objectVersion = 46;
	objects = {

/* Begin PBXBuildFile section */
		79EE21A019CB47BD007A431B /* QuartzCore.framework in Frameworks */ = {isa = PBXBuildFile; fileRef = 79EE219F19CB47BD007A431B /* QuartzCore.framework */; };
		79EE21A219CB47BD007A431B /* OpenGLES.framework in Frameworks */ = {isa = PBXBuildFile; fileRef = 79EE21A119CB47BD007A431B /* OpenGLES.framework */; };
		79EE21A419CB47BD007A431B /* OpenAL.framework in Frameworks */ = {isa = PBXBuildFile; fileRef = 79EE21A319CB47BD007A431B /* OpenAL.framework */; };
		79EE21A619CB47BD007A431B /* AudioToolbox.framework in Frameworks */ = {isa = PBXBuildFile; fileRef = 79EE21A519CB47BD007A431B /* AudioToolbox.framework */; };
		79EE21A819CB47BD007A431B /* AVFoundation.framework in Frameworks */ = {isa = PBXBuildFile; fileRef = 79EE21A719CB47BD007A431B /* AVFoundation.framework */; };
		79EE21AA19CB47BD007A431B /* UIKit.framework in Frameworks */ = {isa = PBXBuildFile; fileRef = 79EE21A919CB47BD007A431B /* UIKit.framework */; };
		79EE21AC19CB47BD007A431B /* Foundation.framework in Frameworks */ = {isa = PBXBuildFile; fileRef = 79EE21AB19CB47BD007A431B /* Foundation.framework */; };
		79EE21AE19CB47BD007A431B /* CoreGraphics.framework in Frameworks */ = {isa = PBXBuildFile; fileRef = 79EE21AD19CB47BD007A431B /* CoreGraphics.framework */; };
		79EE21B019CB47BD007A431B /* CoreText.framework in Frameworks */ = {isa = PBXBuildFile; fileRef = 79EE21AF19CB47BD007A431B /* CoreText.framework */; };
		79EE21B219CB47BD007A431B /* GLKit.framework in Frameworks */ = {isa = PBXBuildFile; fileRef = 79EE21B119CB47BD007A431B /* GLKit.framework */; };
		79EE21B819CB47BD007A431B /* libObjectiveChipmunk.a in Frameworks */ = {isa = PBXBuildFile; fileRef = 79EE21B519CB47BD007A431B /* libObjectiveChipmunk.a */; };
		79EE21BC19CB47BD007A431B /* Default.png in Resources */ = {isa = PBXBuildFile; fileRef = 79EE21BB19CB47BD007A431B /* Default.png */; };
		79EE21BE19CB47BD007A431B /* Default@2x.png in Resources */ = {isa = PBXBuildFile; fileRef = 79EE21BD19CB47BD007A431B /* Default@2x.png */; };
		79EE21C019CB47BD007A431B /* Default-568h@2x.png in Resources */ = {isa = PBXBuildFile; fileRef = 79EE21BF19CB47BD007A431B /* Default-568h@2x.png */; };
		79EE21C219CB47BD007A431B /* Default-Landscape~ipad.png in Resources */ = {isa = PBXBuildFile; fileRef = 79EE21C119CB47BD007A431B /* Default-Landscape~ipad.png */; };
		79EE21C519CB47BD007A431B /* Icon.png in Resources */ = {isa = PBXBuildFile; fileRef = 79EE21C419CB47BD007A431B /* Icon.png */; };
		79EE21C719CB47BD007A431B /* Icon@2x.png in Resources */ = {isa = PBXBuildFile; fileRef = 79EE21C619CB47BD007A431B /* Icon@2x.png */; };
		79EE21C919CB47BD007A431B /* Icon-72.png in Resources */ = {isa = PBXBuildFile; fileRef = 79EE21C819CB47BD007A431B /* Icon-72.png */; };
		79EE21CB19CB47BD007A431B /* Icon-72@2x.png in Resources */ = {isa = PBXBuildFile; fileRef = 79EE21CA19CB47BD007A431B /* Icon-72@2x.png */; };
		79EE21CD19CB47BD007A431B /* Icon-76.png in Resources */ = {isa = PBXBuildFile; fileRef = 79EE21CC19CB47BD007A431B /* Icon-76.png */; };
		79EE21CF19CB47BD007A431B /* Icon-76@2x.png in Resources */ = {isa = PBXBuildFile; fileRef = 79EE21CE19CB47BD007A431B /* Icon-76@2x.png */; };
		79EE21D119CB47BD007A431B /* Icon-120.png in Resources */ = {isa = PBXBuildFile; fileRef = 79EE21D019CB47BD007A431B /* Icon-120.png */; };
		79EE21D319CB47BD007A431B /* Icon-iPad-Spotlight-iOS7@2x.png in Resources */ = {isa = PBXBuildFile; fileRef = 79EE21D219CB47BD007A431B /* Icon-iPad-Spotlight-iOS7@2x.png */; };
		79EE21D519CB47BD007A431B /* Icon-Small-50.png in Resources */ = {isa = PBXBuildFile; fileRef = 79EE21D419CB47BD007A431B /* Icon-Small-50.png */; };
		79EE21D719CB47BD007A431B /* Icon-Small.png in Resources */ = {isa = PBXBuildFile; fileRef = 79EE21D619CB47BD007A431B /* Icon-Small.png */; };
		79EE21D919CB47BD007A431B /* Icon-Small@2x.png in Resources */ = {isa = PBXBuildFile; fileRef = 79EE21D819CB47BD007A431B /* Icon-Small@2x.png */; };
		79EE21DB19CB47BD007A431B /* Icon-Spotlight-iOS7.png in Resources */ = {isa = PBXBuildFile; fileRef = 79EE21DA19CB47BD007A431B /* Icon-Spotlight-iOS7.png */; };
		79EE21DD19CB47BD007A431B /* Icon-Spotlight-iOS7@2x.png in Resources */ = {isa = PBXBuildFile; fileRef = 79EE21DC19CB47BD007A431B /* Icon-Spotlight-iOS7@2x.png */; };
		79EE21E019CB47BD007A431B /* iTunesArtwork in Resources */ = {isa = PBXBuildFile; fileRef = 79EE21DF19CB47BD007A431B /* iTunesArtwork */; };
		79EE21E219CB47BD007A431B /* iTunesArtwork@2x in Resources */ = {isa = PBXBuildFile; fileRef = 79EE21E119CB47BD007A431B /* iTunesArtwork@2x */; };
		79EE241719CB47BE007A431B /* main.m in Sources */ = {isa = PBXBuildFile; fileRef = 79EE241619CB47BE007A431B /* main.m */; };
		79EE241B19CB47BF007A431B /* AppDelegate.m in Sources */ = {isa = PBXBuildFile; fileRef = 79EE241A19CB47BF007A431B /* AppDelegate.m */; };
		79EE241E19CB47BF007A431B /* HelloWorldScene.m in Sources */ = {isa = PBXBuildFile; fileRef = 79EE241D19CB47BF007A431B /* HelloWorldScene.m */; };
		79EE242119CB47BF007A431B /* IntroScene.m in Sources */ = {isa = PBXBuildFile; fileRef = 79EE242019CB47BF007A431B /* IntroScene.m */; };
		79EE242519CB47BF007A431B /* NewtonScene.m in Sources */ = {isa = PBXBuildFile; fileRef = 79EE242419CB47BF007A431B /* NewtonScene.m */; };
		79EE242819CB47BF007A431B /* NewtonSphere.m in Sources */ = {isa = PBXBuildFile; fileRef = 79EE242719CB47BF007A431B /* NewtonSphere.m */; };
		79EE242B19CB47BF007A431B /* LightBulb.m in Sources */ = {isa = PBXBuildFile; fileRef = 79EE242A19CB47BF007A431B /* LightBulb.m */; };
		79EE242E19CB47BF007A431B /* Rope.m in Sources */ = {isa = PBXBuildFile; fileRef = 79EE242D19CB47BF007A431B /* Rope.m */; };
		79EE243019CB47BF007A431B /* fire.plist in Resources */ = {isa = PBXBuildFile; fileRef = 79EE242F19CB47BF007A431B /* fire.plist */; };
		79EE243219CB47BF007A431B /* fire.png in Resources */ = {isa = PBXBuildFile; fileRef = 79EE243119CB47BF007A431B /* fire.png */; };
		79EE243419CB47BF007A431B /* newton-ipadhd.plist in Resources */ = {isa = PBXBuildFile; fileRef = 79EE243319CB47BF007A431B /* newton-ipadhd.plist */; };
		79EE243619CB47BF007A431B /* newton-ipadhd.png in Resources */ = {isa = PBXBuildFile; fileRef = 79EE243519CB47BF007A431B /* newton-ipadhd.png */; };
		79EE243819CB47BF007A431B /* newton-ipad.plist in Resources */ = {isa = PBXBuildFile; fileRef = 79EE243719CB47BF007A431B /* newton-ipad.plist */; };
		79EE243A19CB47BF007A431B /* newton-ipad.png in Resources */ = {isa = PBXBuildFile; fileRef = 79EE243919CB47BF007A431B /* newton-ipad.png */; };
		79EE243C19CB47BF007A431B /* newton.plist in Resources */ = {isa = PBXBuildFile; fileRef = 79EE243B19CB47BF007A431B /* newton.plist */; };
		79EE243E19CB47BF007A431B /* newton.png in Resources */ = {isa = PBXBuildFile; fileRef = 79EE243D19CB47BF007A431B /* newton.png */; };
/* End PBXBuildFile section */

/* Begin PBXContainerItemProxy section */
		79EE21B619CB47BD007A431B /* PBXContainerItemProxy */ = {
			isa = PBXContainerItemProxy;
			containerPortal = 79EE219419CB47BD007A431B /* Project object */;
			proxyType = 1;
			remoteGlobalIDString = 79EE21B419CB47BD007A431B;
			remoteInfo = ObjectiveChipmunk;
		};
		79EE3B1819CB4A57007A431B /* PBXContainerItemProxy */ = {
			isa = PBXContainerItemProxy;
			containerPortal = 79EE3B1219CB4A56007A431B /* cocos2d-ios.xcodeproj */;
			proxyType = 2;
			remoteGlobalIDString = 5018F24D0DFDEAC400C013A5;
			remoteInfo = cocos2d;
		};
/* End PBXContainerItemProxy section */

/* Begin PBXFileReference section */
		79EE219C19CB47BD007A431B /* Test of Upgrade.app */ = {isa = PBXFileReference; explicitFileType = wrapper.application; includeInIndex = 0; path = "Test of Upgrade.app"; sourceTree = BUILT_PRODUCTS_DIR; };
		79EE219F19CB47BD007A431B /* QuartzCore.framework */ = {isa = PBXFileReference; lastKnownFileType = wrapper.framework; name = QuartzCore.framework; path = System/Library/Frameworks/QuartzCore.framework; sourceTree = SDKROOT; };
		79EE21A119CB47BD007A431B /* OpenGLES.framework */ = {isa = PBXFileReference; lastKnownFileType = wrapper.framework; name = OpenGLES.framework; path = System/Library/Frameworks/OpenGLES.framework; sourceTree = SDKROOT; };
		79EE21A319CB47BD007A431B /* OpenAL.framework */ = {isa = PBXFileReference; lastKnownFileType = wrapper.framework; name = OpenAL.framework; path = System/Library/Frameworks/OpenAL.framework; sourceTree = SDKROOT; };
		79EE21A519CB47BD007A431B /* AudioToolbox.framework */ = {isa = PBXFileReference; lastKnownFileType = wrapper.framework; name = AudioToolbox.framework; path = System/Library/Frameworks/AudioToolbox.framework; sourceTree = SDKROOT; };
		79EE21A719CB47BD007A431B /* AVFoundation.framework */ = {isa = PBXFileReference; lastKnownFileType = wrapper.framework; name = AVFoundation.framework; path = System/Library/Frameworks/AVFoundation.framework; sourceTree = SDKROOT; };
		79EE21A919CB47BD007A431B /* UIKit.framework */ = {isa = PBXFileReference; lastKnownFileType = wrapper.framework; name = UIKit.framework; path = System/Library/Frameworks/UIKit.framework; sourceTree = SDKROOT; };
		79EE21AB19CB47BD007A431B /* Foundation.framework */ = {isa = PBXFileReference; lastKnownFileType = wrapper.framework; name = Foundation.framework; path = System/Library/Frameworks/Foundation.framework; sourceTree = SDKROOT; };
		79EE21AD19CB47BD007A431B /* CoreGraphics.framework */ = {isa = PBXFileReference; lastKnownFileType = wrapper.framework; name = CoreGraphics.framework; path = System/Library/Frameworks/CoreGraphics.framework; sourceTree = SDKROOT; };
		79EE21AF19CB47BD007A431B /* CoreText.framework */ = {isa = PBXFileReference; lastKnownFileType = wrapper.framework; name = CoreText.framework; path = System/Library/Frameworks/CoreText.framework; sourceTree = SDKROOT; };
		79EE21B119CB47BD007A431B /* GLKit.framework */ = {isa = PBXFileReference; lastKnownFileType = wrapper.framework; name = GLKit.framework; path = System/Library/Frameworks/GLKit.framework; sourceTree = SDKROOT; };
		79EE21B519CB47BD007A431B /* libObjectiveChipmunk.a */ = {isa = PBXFileReference; explicitFileType = archive.ar; includeInIndex = 0; path = libObjectiveChipmunk.a; sourceTree = BUILT_PRODUCTS_DIR; };
		79EE21BB19CB47BD007A431B /* Default.png */ = {isa = PBXFileReference; lastKnownFileType = image.png; name = Default.png; path = Resources/Default.png; sourceTree = "<group>"; };
		79EE21BD19CB47BD007A431B /* Default@2x.png */ = {isa = PBXFileReference; lastKnownFileType = image.png; name = "Default@2x.png"; path = "Resources/Default@2x.png"; sourceTree = "<group>"; };
		79EE21BF19CB47BD007A431B /* Default-568h@2x.png */ = {isa = PBXFileReference; lastKnownFileType = image.png; name = "Default-568h@2x.png"; path = "Resources/Default-568h@2x.png"; sourceTree = "<group>"; };
		79EE21C119CB47BD007A431B /* Default-Landscape~ipad.png */ = {isa = PBXFileReference; lastKnownFileType = image.png; name = "Default-Landscape~ipad.png"; path = "Resources/Default-Landscape~ipad.png"; sourceTree = "<group>"; };
		79EE21C419CB47BD007A431B /* Icon.png */ = {isa = PBXFileReference; lastKnownFileType = image.png; name = Icon.png; path = Resources/Icons/Icon.png; sourceTree = "<group>"; };
		79EE21C619CB47BD007A431B /* Icon@2x.png */ = {isa = PBXFileReference; lastKnownFileType = image.png; name = "Icon@2x.png"; path = "Resources/Icons/Icon@2x.png"; sourceTree = "<group>"; };
		79EE21C819CB47BD007A431B /* Icon-72.png */ = {isa = PBXFileReference; lastKnownFileType = image.png; name = "Icon-72.png"; path = "Resources/Icons/Icon-72.png"; sourceTree = "<group>"; };
		79EE21CA19CB47BD007A431B /* Icon-72@2x.png */ = {isa = PBXFileReference; lastKnownFileType = image.png; name = "Icon-72@2x.png"; path = "Resources/Icons/Icon-72@2x.png"; sourceTree = "<group>"; };
		79EE21CC19CB47BD007A431B /* Icon-76.png */ = {isa = PBXFileReference; lastKnownFileType = image.png; name = "Icon-76.png"; path = "Resources/Icons/Icon-76.png"; sourceTree = "<group>"; };
		79EE21CE19CB47BD007A431B /* Icon-76@2x.png */ = {isa = PBXFileReference; lastKnownFileType = image.png; name = "Icon-76@2x.png"; path = "Resources/Icons/Icon-76@2x.png"; sourceTree = "<group>"; };
		79EE21D019CB47BD007A431B /* Icon-120.png */ = {isa = PBXFileReference; lastKnownFileType = image.png; name = "Icon-120.png"; path = "Resources/Icons/Icon-120.png"; sourceTree = "<group>"; };
		79EE21D219CB47BD007A431B /* Icon-iPad-Spotlight-iOS7@2x.png */ = {isa = PBXFileReference; lastKnownFileType = image.png; name = "Icon-iPad-Spotlight-iOS7@2x.png"; path = "Resources/Icons/Icon-iPad-Spotlight-iOS7@2x.png"; sourceTree = "<group>"; };
		79EE21D419CB47BD007A431B /* Icon-Small-50.png */ = {isa = PBXFileReference; lastKnownFileType = image.png; name = "Icon-Small-50.png"; path = "Resources/Icons/Icon-Small-50.png"; sourceTree = "<group>"; };
		79EE21D619CB47BD007A431B /* Icon-Small.png */ = {isa = PBXFileReference; lastKnownFileType = image.png; name = "Icon-Small.png"; path = "Resources/Icons/Icon-Small.png"; sourceTree = "<group>"; };
		79EE21D819CB47BD007A431B /* Icon-Small@2x.png */ = {isa = PBXFileReference; lastKnownFileType = image.png; name = "Icon-Small@2x.png"; path = "Resources/Icons/Icon-Small@2x.png"; sourceTree = "<group>"; };
		79EE21DA19CB47BD007A431B /* Icon-Spotlight-iOS7.png */ = {isa = PBXFileReference; lastKnownFileType = image.png; name = "Icon-Spotlight-iOS7.png"; path = "Resources/Icons/Icon-Spotlight-iOS7.png"; sourceTree = "<group>"; };
		79EE21DC19CB47BD007A431B /* Icon-Spotlight-iOS7@2x.png */ = {isa = PBXFileReference; lastKnownFileType = image.png; name = "Icon-Spotlight-iOS7@2x.png"; path = "Resources/Icons/Icon-Spotlight-iOS7@2x.png"; sourceTree = "<group>"; };
		79EE21DE19CB47BD007A431B /* Info.plist */ = {isa = PBXFileReference; lastKnownFileType = text.plist.xml; name = Info.plist; path = Resources/Info.plist; sourceTree = "<group>"; };
		79EE21DF19CB47BD007A431B /* iTunesArtwork */ = {isa = PBXFileReference; lastKnownFileType = file; name = iTunesArtwork; path = ../iTunesArtwork; sourceTree = "<group>"; };
		79EE21E119CB47BD007A431B /* iTunesArtwork@2x */ = {isa = PBXFileReference; lastKnownFileType = file; name = "iTunesArtwork@2x"; path = "../iTunesArtwork@2x"; sourceTree = "<group>"; };
		79EE241519CB47BE007A431B /* Prefix.pch */ = {isa = PBXFileReference; lastKnownFileType = sourcecode.c.h; name = Prefix.pch; path = "Supporting Files/Prefix.pch"; sourceTree = "<group>"; };
		79EE241619CB47BE007A431B /* main.m */ = {isa = PBXFileReference; lastKnownFileType = sourcecode.c.objc; name = main.m; path = "Supporting Files/main.m"; sourceTree = "<group>"; };
		79EE241919CB47BE007A431B /* AppDelegate.h */ = {isa = PBXFileReference; lastKnownFileType = sourcecode.c.h; name = AppDelegate.h; path = Classes/AppDelegate.h; sourceTree = "<group>"; };
		79EE241A19CB47BF007A431B /* AppDelegate.m */ = {isa = PBXFileReference; lastKnownFileType = sourcecode.c.objc; name = AppDelegate.m; path = Classes/AppDelegate.m; sourceTree = "<group>"; };
		79EE241C19CB47BF007A431B /* HelloWorldScene.h */ = {isa = PBXFileReference; lastKnownFileType = sourcecode.c.h; name = HelloWorldScene.h; path = Classes/HelloWorldScene.h; sourceTree = "<group>"; };
		79EE241D19CB47BF007A431B /* HelloWorldScene.m */ = {isa = PBXFileReference; lastKnownFileType = sourcecode.c.objc; name = HelloWorldScene.m; path = Classes/HelloWorldScene.m; sourceTree = "<group>"; };
		79EE241F19CB47BF007A431B /* IntroScene.h */ = {isa = PBXFileReference; lastKnownFileType = sourcecode.c.h; name = IntroScene.h; path = Classes/IntroScene.h; sourceTree = "<group>"; };
		79EE242019CB47BF007A431B /* IntroScene.m */ = {isa = PBXFileReference; lastKnownFileType = sourcecode.c.objc; name = IntroScene.m; path = Classes/IntroScene.m; sourceTree = "<group>"; };
		79EE242219CB47BF007A431B /* NewtonConstants.h */ = {isa = PBXFileReference; lastKnownFileType = sourcecode.c.h; name = NewtonConstants.h; path = Classes/NewtonConstants.h; sourceTree = "<group>"; };
		79EE242319CB47BF007A431B /* NewtonScene.h */ = {isa = PBXFileReference; lastKnownFileType = sourcecode.c.h; name = NewtonScene.h; path = Classes/NewtonScene.h; sourceTree = "<group>"; };
		79EE242419CB47BF007A431B /* NewtonScene.m */ = {isa = PBXFileReference; lastKnownFileType = sourcecode.c.objc; name = NewtonScene.m; path = Classes/NewtonScene.m; sourceTree = "<group>"; };
		79EE242619CB47BF007A431B /* NewtonSphere.h */ = {isa = PBXFileReference; lastKnownFileType = sourcecode.c.h; name = NewtonSphere.h; path = Classes/NewtonSphere.h; sourceTree = "<group>"; };
		79EE242719CB47BF007A431B /* NewtonSphere.m */ = {isa = PBXFileReference; lastKnownFileType = sourcecode.c.objc; name = NewtonSphere.m; path = Classes/NewtonSphere.m; sourceTree = "<group>"; };
		79EE242919CB47BF007A431B /* LightBulb.h */ = {isa = PBXFileReference; lastKnownFileType = sourcecode.c.h; name = LightBulb.h; path = Classes/LightBulb.h; sourceTree = "<group>"; };
		79EE242A19CB47BF007A431B /* LightBulb.m */ = {isa = PBXFileReference; lastKnownFileType = sourcecode.c.objc; name = LightBulb.m; path = Classes/LightBulb.m; sourceTree = "<group>"; };
		79EE242C19CB47BF007A431B /* Rope.h */ = {isa = PBXFileReference; lastKnownFileType = sourcecode.c.h; name = Rope.h; path = Classes/Rope.h; sourceTree = "<group>"; };
		79EE242D19CB47BF007A431B /* Rope.m */ = {isa = PBXFileReference; lastKnownFileType = sourcecode.c.objc; name = Rope.m; path = Classes/Rope.m; sourceTree = "<group>"; };
		79EE242F19CB47BF007A431B /* fire.plist */ = {isa = PBXFileReference; lastKnownFileType = text.plist.xml; name = fire.plist; path = Resources/fire.plist; sourceTree = "<group>"; };
		79EE243119CB47BF007A431B /* fire.png */ = {isa = PBXFileReference; lastKnownFileType = image.png; name = fire.png; path = Resources/fire.png; sourceTree = "<group>"; };
		79EE243319CB47BF007A431B /* newton-ipadhd.plist */ = {isa = PBXFileReference; lastKnownFileType = text.plist.xml; name = "newton-ipadhd.plist"; path = "Resources/newton-ipadhd.plist"; sourceTree = "<group>"; };
		79EE243519CB47BF007A431B /* newton-ipadhd.png */ = {isa = PBXFileReference; lastKnownFileType = image.png; name = "newton-ipadhd.png"; path = "Resources/newton-ipadhd.png"; sourceTree = "<group>"; };
		79EE243719CB47BF007A431B /* newton-ipad.plist */ = {isa = PBXFileReference; lastKnownFileType = text.plist.xml; name = "newton-ipad.plist"; path = "Resources/newton-ipad.plist"; sourceTree = "<group>"; };
		79EE243919CB47BF007A431B /* newton-ipad.png */ = {isa = PBXFileReference; lastKnownFileType = image.png; name = "newton-ipad.png"; path = "Resources/newton-ipad.png"; sourceTree = "<group>"; };
		79EE243B19CB47BF007A431B /* newton.plist */ = {isa = PBXFileReference; lastKnownFileType = text.plist.xml; name = newton.plist; path = Resources/newton.plist; sourceTree = "<group>"; };
		79EE243D19CB47BF007A431B /* newton.png */ = {isa = PBXFileReference; lastKnownFileType = image.png; name = newton.png; path = Resources/newton.png; sourceTree = "<group>"; };
		79EE3B1219CB4A56007A431B /* cocos2d-ios.xcodeproj */ = {isa = PBXFileReference; lastKnownFileType = "wrapper.pb-project"; name = "cocos2d-ios.xcodeproj"; path = "libs/cocos2d-iphone/cocos2d-ios.xcodeproj"; sourceTree = "<group>"; };
/* End PBXFileReference section */

/* Begin PBXFrameworksBuildPhase section */
		79EE219919CB47BD007A431B /* Frameworks */ = {
			isa = PBXFrameworksBuildPhase;
			buildActionMask = 2147483647;
			files = (
				79EE21A419CB47BD007A431B /* OpenAL.framework in Frameworks */,
				79EE21AA19CB47BD007A431B /* UIKit.framework in Frameworks */,
				79EE21A019CB47BD007A431B /* QuartzCore.framework in Frameworks */,
				79EE21A819CB47BD007A431B /* AVFoundation.framework in Frameworks */,
				79EE21AE19CB47BD007A431B /* CoreGraphics.framework in Frameworks */,
				79EE21B019CB47BD007A431B /* CoreText.framework in Frameworks */,
				79EE21A219CB47BD007A431B /* OpenGLES.framework in Frameworks */,
				79EE21AC19CB47BD007A431B /* Foundation.framework in Frameworks */,
				79EE21B819CB47BD007A431B /* libObjectiveChipmunk.a in Frameworks */,
				79EE21B219CB47BD007A431B /* GLKit.framework in Frameworks */,
				79EE21A619CB47BD007A431B /* AudioToolbox.framework in Frameworks */,
			);
			runOnlyForDeploymentPostprocessing = 0;
		};
/* End PBXFrameworksBuildPhase section */

/* Begin PBXGroup section */
		79EE219319CB47BD007A431B = {
			isa = PBXGroup;
			children = (
				79EE21B919CB47BD007A431B /* Test of Upgrade */,
				79EE219E19CB47BD007A431B /* Frameworks */,
				79EE219D19CB47BD007A431B /* Products */,
			);
			sourceTree = "<group>";
		};
		79EE219D19CB47BD007A431B /* Products */ = {
			isa = PBXGroup;
			children = (
				79EE219C19CB47BD007A431B /* Test of Upgrade.app */,
				79EE21B519CB47BD007A431B /* libObjectiveChipmunk.a */,
			);
			name = Products;
			sourceTree = "<group>";
		};
		79EE219E19CB47BD007A431B /* Frameworks */ = {
			isa = PBXGroup;
			children = (
				79EE219F19CB47BD007A431B /* QuartzCore.framework */,
				79EE21A119CB47BD007A431B /* OpenGLES.framework */,
				79EE21A319CB47BD007A431B /* OpenAL.framework */,
				79EE21A519CB47BD007A431B /* AudioToolbox.framework */,
				79EE21A719CB47BD007A431B /* AVFoundation.framework */,
				79EE21A919CB47BD007A431B /* UIKit.framework */,
				79EE21AB19CB47BD007A431B /* Foundation.framework */,
				79EE21AD19CB47BD007A431B /* CoreGraphics.framework */,
				79EE21AF19CB47BD007A431B /* CoreText.framework */,
				79EE21B119CB47BD007A431B /* GLKit.framework */,
			);
			name = Frameworks;
			sourceTree = "<group>";
		};
		79EE21B919CB47BD007A431B /* Test of Upgrade */ = {
			isa = PBXGroup;
			children = (
				79EE21BA19CB47BD007A431B /* Resources */,
				79EE21E319CB47BD007A431B /* Libraries */,
				79EE241819CB47BE007A431B /* Classes */,
				79EE241419CB47BE007A431B /* Supporting Files */,
			);
			path = "Test of Upgrade";
			sourceTree = "<group>";
		};
		79EE21BA19CB47BD007A431B /* Resources */ = {
			isa = PBXGroup;
			children = (
				79EE21BB19CB47BD007A431B /* Default.png */,
				79EE21BD19CB47BD007A431B /* Default@2x.png */,
				79EE21BF19CB47BD007A431B /* Default-568h@2x.png */,
				79EE21C119CB47BD007A431B /* Default-Landscape~ipad.png */,
				79EE21DE19CB47BD007A431B /* Info.plist */,
				79EE21DF19CB47BD007A431B /* iTunesArtwork */,
				79EE21E119CB47BD007A431B /* iTunesArtwork@2x */,
				79EE242F19CB47BF007A431B /* fire.plist */,
				79EE243119CB47BF007A431B /* fire.png */,
				79EE243319CB47BF007A431B /* newton-ipadhd.plist */,
				79EE243519CB47BF007A431B /* newton-ipadhd.png */,
				79EE243719CB47BF007A431B /* newton-ipad.plist */,
				79EE243919CB47BF007A431B /* newton-ipad.png */,
				79EE243B19CB47BF007A431B /* newton.plist */,
				79EE243D19CB47BF007A431B /* newton.png */,
				79EE21C319CB47BD007A431B /* Icons */,
			);
			name = Resources;
			sourceTree = "<group>";
		};
		79EE21C319CB47BD007A431B /* Icons */ = {
			isa = PBXGroup;
			children = (
				79EE21C419CB47BD007A431B /* Icon.png */,
				79EE21C619CB47BD007A431B /* Icon@2x.png */,
				79EE21C819CB47BD007A431B /* Icon-72.png */,
				79EE21CA19CB47BD007A431B /* Icon-72@2x.png */,
				79EE21CC19CB47BD007A431B /* Icon-76.png */,
				79EE21CE19CB47BD007A431B /* Icon-76@2x.png */,
				79EE21D019CB47BD007A431B /* Icon-120.png */,
				79EE21D219CB47BD007A431B /* Icon-iPad-Spotlight-iOS7@2x.png */,
				79EE21D419CB47BD007A431B /* Icon-Small-50.png */,
				79EE21D619CB47BD007A431B /* Icon-Small.png */,
				79EE21D819CB47BD007A431B /* Icon-Small@2x.png */,
				79EE21DA19CB47BD007A431B /* Icon-Spotlight-iOS7.png */,
				79EE21DC19CB47BD007A431B /* Icon-Spotlight-iOS7@2x.png */,
			);
			name = Icons;
			sourceTree = "<group>";
		};
		79EE21E319CB47BD007A431B /* Libraries */ = {
			isa = PBXGroup;
			children = (
				79EE3B1219CB4A56007A431B /* cocos2d-ios.xcodeproj */,
			);
			name = Libraries;
			sourceTree = "<group>";
		};
		79EE241419CB47BE007A431B /* Supporting Files */ = {
			isa = PBXGroup;
			children = (
				79EE241519CB47BE007A431B /* Prefix.pch */,
				79EE241619CB47BE007A431B /* main.m */,
			);
			name = "Supporting Files";
			sourceTree = "<group>";
		};
		79EE241819CB47BE007A431B /* Classes */ = {
			isa = PBXGroup;
			children = (
				79EE241919CB47BE007A431B /* AppDelegate.h */,
				79EE241A19CB47BF007A431B /* AppDelegate.m */,
				79EE241C19CB47BF007A431B /* HelloWorldScene.h */,
				79EE241D19CB47BF007A431B /* HelloWorldScene.m */,
				79EE241F19CB47BF007A431B /* IntroScene.h */,
				79EE242019CB47BF007A431B /* IntroScene.m */,
				79EE242219CB47BF007A431B /* NewtonConstants.h */,
				79EE242319CB47BF007A431B /* NewtonScene.h */,
				79EE242419CB47BF007A431B /* NewtonScene.m */,
				79EE242619CB47BF007A431B /* NewtonSphere.h */,
				79EE242719CB47BF007A431B /* NewtonSphere.m */,
				79EE242919CB47BF007A431B /* LightBulb.h */,
				79EE242A19CB47BF007A431B /* LightBulb.m */,
				79EE242C19CB47BF007A431B /* Rope.h */,
				79EE242D19CB47BF007A431B /* Rope.m */,
			);
			name = Classes;
			sourceTree = "<group>";
		};
		79EE3B1319CB4A56007A431B /* Products */ = {
			isa = PBXGroup;
			children = (
				79EE3B1919CB4A57007A431B /* libcocos2d.a */,
			);
			name = Products;
			sourceTree = "<group>";
		};
/* End PBXGroup section */

/* Begin PBXNativeTarget section */
		79EE219B19CB47BD007A431B /* Test of Upgrade */ = {
			isa = PBXNativeTarget;
			buildConfigurationList = 79EE244419CB47BF007A431B /* Build configuration list for PBXNativeTarget "Test of Upgrade" */;
			buildPhases = (
				79EE219819CB47BD007A431B /* Sources */,
				79EE219919CB47BD007A431B /* Frameworks */,
				79EE219A19CB47BD007A431B /* Resources */,
			);
			buildRules = (
			);
			dependencies = (
				79EE21B719CB47BD007A431B /* PBXTargetDependency */,
			);
			name = "Test of Upgrade";
			productName = "Test of Upgrade";
			productReference = 79EE219C19CB47BD007A431B /* Test of Upgrade.app */;
			productType = "com.apple.product-type.application";
		};
		79EE21B419CB47BD007A431B /* ObjectiveChipmunk */ = {
			isa = PBXNativeTarget;
			buildConfigurationList = 79EE244119CB47BF007A431B /* Build configuration list for PBXNativeTarget "ObjectiveChipmunk" */;
			buildPhases = (
				79EE21B319CB47BD007A431B /* Sources */,
			);
			buildRules = (
			);
			dependencies = (
			);
			name = ObjectiveChipmunk;
			productName = ObjectiveChipmunk;
			productReference = 79EE21B519CB47BD007A431B /* libObjectiveChipmunk.a */;
			productType = "com.apple.product-type.library.static";
		};
/* End PBXNativeTarget section */

/* Begin PBXProject section */
		79EE219419CB47BD007A431B /* Project object */ = {
			isa = PBXProject;
			attributes = {
				LastUpgradeCheck = 0510;
				ORGANIZATIONNAME = NoodlFroot;
			};
			buildConfigurationList = 79EE219719CB47BD007A431B /* Build configuration list for PBXProject "Test of Upgrade" */;
			compatibilityVersion = "Xcode 3.2";
			developmentRegion = English;
			hasScannedForEncodings = 0;
			knownRegions = (
				en,
				English,
			);
			mainGroup = 79EE219319CB47BD007A431B;
			productRefGroup = 79EE219D19CB47BD007A431B /* Products */;
			projectDirPath = "";
			projectReferences = (
				{
					ProductGroup = 79EE3B1319CB4A56007A431B /* Products */;
					ProjectRef = 79EE3B1219CB4A56007A431B /* cocos2d-ios.xcodeproj */;
				},
			);
			projectRoot = "";
			targets = (
				79EE219B19CB47BD007A431B /* Test of Upgrade */,
				79EE21B419CB47BD007A431B /* ObjectiveChipmunk */,
			);
		};
/* End PBXProject section */

/* Begin PBXReferenceProxy section */
		79EE3B1919CB4A57007A431B /* libcocos2d.a */ = {
			isa = PBXReferenceProxy;
			fileType = archive.ar;
			path = libcocos2d.a;
			remoteRef = 79EE3B1819CB4A57007A431B /* PBXContainerItemProxy */;
			sourceTree = BUILT_PRODUCTS_DIR;
		};
/* End PBXReferenceProxy section */

/* Begin PBXResourcesBuildPhase section */
		79EE219A19CB47BD007A431B /* Resources */ = {
			isa = PBXResourcesBuildPhase;
			buildActionMask = 2147483647;
			files = (
				79EE21BE19CB47BD007A431B /* Default@2x.png in Resources */,
				79EE21D119CB47BD007A431B /* Icon-120.png in Resources */,
				79EE21C719CB47BD007A431B /* Icon@2x.png in Resources */,
				79EE21D919CB47BD007A431B /* Icon-Small@2x.png in Resources */,
				79EE243A19CB47BF007A431B /* newton-ipad.png in Resources */,
				79EE243019CB47BF007A431B /* fire.plist in Resources */,
				79EE21CB19CB47BD007A431B /* Icon-72@2x.png in Resources */,
				79EE243619CB47BF007A431B /* newton-ipadhd.png in Resources */,
				79EE21BC19CB47BD007A431B /* Default.png in Resources */,
				79EE21C519CB47BD007A431B /* Icon.png in Resources */,
				79EE243419CB47BF007A431B /* newton-ipadhd.plist in Resources */,
				79EE21D319CB47BD007A431B /* Icon-iPad-Spotlight-iOS7@2x.png in Resources */,
				79EE21C219CB47BD007A431B /* Default-Landscape~ipad.png in Resources */,
				79EE21D719CB47BD007A431B /* Icon-Small.png in Resources */,
				79EE21D519CB47BD007A431B /* Icon-Small-50.png in Resources */,
				79EE243C19CB47BF007A431B /* newton.plist in Resources */,
				79EE21C919CB47BD007A431B /* Icon-72.png in Resources */,
				79EE243E19CB47BF007A431B /* newton.png in Resources */,
				79EE21C019CB47BD007A431B /* Default-568h@2x.png in Resources */,
				79EE243219CB47BF007A431B /* fire.png in Resources */,
				79EE21E019CB47BD007A431B /* iTunesArtwork in Resources */,
				79EE21DB19CB47BD007A431B /* Icon-Spotlight-iOS7.png in Resources */,
				79EE21CF19CB47BD007A431B /* Icon-76@2x.png in Resources */,
				79EE21DD19CB47BD007A431B /* Icon-Spotlight-iOS7@2x.png in Resources */,
				79EE243819CB47BF007A431B /* newton-ipad.plist in Resources */,
				79EE21CD19CB47BD007A431B /* Icon-76.png in Resources */,
				79EE21E219CB47BD007A431B /* iTunesArtwork@2x in Resources */,
			);
			runOnlyForDeploymentPostprocessing = 0;
		};
/* End PBXResourcesBuildPhase section */

/* Begin PBXSourcesBuildPhase section */
		79EE219819CB47BD007A431B /* Sources */ = {
			isa = PBXSourcesBuildPhase;
			buildActionMask = 2147483647;
			files = (
				79EE242E19CB47BF007A431B /* Rope.m in Sources */,
				79EE242819CB47BF007A431B /* NewtonSphere.m in Sources */,
				79EE241E19CB47BF007A431B /* HelloWorldScene.m in Sources */,
				79EE242B19CB47BF007A431B /* LightBulb.m in Sources */,
				79EE242519CB47BF007A431B /* NewtonScene.m in Sources */,
				79EE241B19CB47BF007A431B /* AppDelegate.m in Sources */,
				79EE241719CB47BE007A431B /* main.m in Sources */,
				79EE242119CB47BF007A431B /* IntroScene.m in Sources */,
			);
			runOnlyForDeploymentPostprocessing = 0;
		};
		79EE21B319CB47BD007A431B /* Sources */ = {
			isa = PBXSourcesBuildPhase;
			buildActionMask = 2147483647;
			files = (
			);
			runOnlyForDeploymentPostprocessing = 0;
		};
/* End PBXSourcesBuildPhase section */

/* Begin PBXTargetDependency section */
		79EE21B719CB47BD007A431B /* PBXTargetDependency */ = {
			isa = PBXTargetDependency;
			target = 79EE21B419CB47BD007A431B /* ObjectiveChipmunk */;
			targetProxy = 79EE21B619CB47BD007A431B /* PBXContainerItemProxy */;
		};
/* End PBXTargetDependency section */

/* Begin XCBuildConfiguration section */
		79EE243F19CB47BF007A431B /* Debug */ = {
			isa = XCBuildConfiguration;
			buildSettings = {
				ARCHS = "$(ARCHS_STANDARD_32_BIT)";
				CLANG_ENABLE_OBJC_ARC = YES;
				"CODE_SIGN_IDENTITY[sdk=iphoneos*]" = "iPhone Developer";
				GCC_C_LANGUAGE_STANDARD = gnu99;
				GCC_OPTIMIZATION_LEVEL = 0;
				GCC_PREPROCESSOR_DEFINITIONS = (
					DEBUG,
					"COCOS2D_DEBUG=1",
				);
				GCC_SYMBOLS_PRIVATE_EXTERN = NO;
				GCC_VERSION = com.apple.compilers.llvm.clang.1_0;
				GCC_WARN_ABOUT_RETURN_TYPE = YES;
				GCC_WARN_UNUSED_VARIABLE = YES;
				IPHONEOS_DEPLOYMENT_TARGET = 5.0;
				SDKROOT = iphoneos;
				TARGETED_DEVICE_FAMILY = "1,2";
			};
			name = Debug;
		};
		79EE244019CB47BF007A431B /* Release */ = {
			isa = XCBuildConfiguration;
			buildSettings = {
				ARCHS = "$(ARCHS_STANDARD_32_BIT)";
				CLANG_ENABLE_OBJC_ARC = YES;
				"CODE_SIGN_IDENTITY[sdk=iphoneos*]" = "iPhone Developer";
				GCC_C_LANGUAGE_STANDARD = gnu99;
				GCC_PREPROCESSOR_DEFINITIONS = (
					NDEBUG,
					"NS_BLOCK_ASSERTIONS=1",
				);
				GCC_VERSION = com.apple.compilers.llvm.clang.1_0;
				GCC_WARN_ABOUT_RETURN_TYPE = YES;
				GCC_WARN_UNUSED_VARIABLE = YES;
				IPHONEOS_DEPLOYMENT_TARGET = 5.0;
				SDKROOT = iphoneos;
				TARGETED_DEVICE_FAMILY = "1,2";
			};
			name = Release;
		};
		79EE244219CB47BF007A431B /* Debug */ = {
			isa = XCBuildConfiguration;
			buildSettings = {
				ALWAYS_SEARCH_USER_PATHS = NO;
				ARCHS = "$(ARCHS_STANDARD)";
				CLANG_ENABLE_OBJC_ARC = NO;
				EXECUTABLE_EXTENSION = a;
				EXECUTABLE_PREFIX = lib;
				HEADER_SEARCH_PATHS = (
					"\"$(SRCROOT)/$(PROJECT_NAME)/Libraries/Chipmunk/chipmunk/include\"",
					"\"$(SRCROOT)/$(PROJECT_NAME)/Libraries/Chipmunk/objectivec/include\"",
				);
				PRODUCT_NAME = "$(TARGET_NAME)";
				SKIP_INSTALL = YES;
			};
			name = Debug;
		};
		79EE244319CB47BF007A431B /* Release */ = {
			isa = XCBuildConfiguration;
			buildSettings = {
				ALWAYS_SEARCH_USER_PATHS = NO;
				ARCHS = "$(ARCHS_STANDARD)";
				CLANG_ENABLE_OBJC_ARC = NO;
				EXECUTABLE_EXTENSION = a;
				EXECUTABLE_PREFIX = lib;
				HEADER_SEARCH_PATHS = (
					"\"$(SRCROOT)/$(PROJECT_NAME)/Libraries/Chipmunk/chipmunk/include\"",
					"\"$(SRCROOT)/$(PROJECT_NAME)/Libraries/Chipmunk/objectivec/include\"",
				);
				PRODUCT_NAME = "$(TARGET_NAME)";
				SKIP_INSTALL = YES;
			};
			name = Release;
		};
		79EE244519CB47BF007A431B /* Debug */ = {
			isa = XCBuildConfiguration;
			buildSettings = {
				ALWAYS_SEARCH_USER_PATHS = NO;
				ARCHS = "$(ARCHS_STANDARD)";
				COPY_PHASE_STRIP = NO;
				GCC_DYNAMIC_NO_PIC = NO;
				GCC_PRECOMPILE_PREFIX_HEADER = YES;
				GCC_PREFIX_HEADER = "Test of Upgrade/Supporting Files/Prefix.pch";
				HEADER_SEARCH_PATHS = (
					"\"$(SRCROOT)/$(PROJECT_NAME)/Libraries/Chipmunk/chipmunk/include\"",
					"\"$(SRCROOT)/$(PROJECT_NAME)/Libraries/Chipmunk/objectivec/include\"",
				);
				INFOPLIST_FILE = "Test of Upgrade/Resources/Info.plist";
				LIBRARY_SEARCH_PATHS = (
					"$(inherited)",
					"$(PROJECT_DIR)/Test",
					of,
					"Upgrade/libs/cocos2d-iphone/build/Debug",
					"$(PROJECT_DIR)/Test",
					of,
					"Upgrade/libs/cocos2d-iphone/build/Release",
					"$(PROJECT_DIR)/Test",
					of,
					"Upgrade/libs/cocos2d-iphone/external/Chipmunk/msvc/glew/lib/Release/Win32",
					"$(PROJECT_DIR)/Test",
					of,
					"Upgrade/libs/cocos2d-iphone/external/Chipmunk/msvc/glfw/lib-msvc100",
					"$(PROJECT_DIR)/Test",
					of,
					"Upgrade/libs/cocos2d-iphone/external/Chipmunk/xcode/build/Chipmunk7.build/Release-iphoneos/ChipmunkStatic-iPhone.build/Objects-normal/armv7",
					"$(PROJECT_DIR)/Test",
					of,
					"Upgrade/libs/cocos2d-iphone/external/Chipmunk/xcode/build/Chipmunk7.build/Release-iphoneos/ChipmunkStatic-iPhone.build/Objects-normal/armv7s",
					"$(PROJECT_DIR)/Test",
					of,
					"Upgrade/libs/cocos2d-iphone/external/Chipmunk/xcode/build/Chipmunk7.build/Release-iphoneos/ObjectiveChipmunk.build/Objects-normal/armv7",
					"$(PROJECT_DIR)/Test",
					of,
					"Upgrade/libs/cocos2d-iphone/external/Chipmunk/xcode/build/Chipmunk7.build/Release-iphoneos/ObjectiveChipmunk.build/Objects-normal/armv7s",
					"$(PROJECT_DIR)/Test",
					of,
					"Upgrade/libs/cocos2d-iphone/external/Chipmunk/xcode/build/Debug-iphoneos",
					"$(PROJECT_DIR)/Test",
					of,
					"Upgrade/libs/cocos2d-iphone/external/Chipmunk/xcode/build/Release",
					"$(PROJECT_DIR)/Test",
					of,
					"Upgrade/libs/cocos2d-iphone/external/Chipmunk/xcode/build/Release-iphoneos",
					"$(PROJECT_DIR)/Test",
					of,
					"Upgrade/libs/cocos2d-iphone/external/Chipmunk/xcode/libGLEW/lib",
					"$(PROJECT_DIR)/Test",
					of,
					"Upgrade/libs/cocos2d-iphone/external/Chipmunk/xcode/libglfw/lib",
				);
				OTHER_LDFLAGS = (
					"-lz",
					"-lsqlite3",
					"-ObjC",
				);
				PRODUCT_NAME = "$(TARGET_NAME)";
				WRAPPER_EXTENSION = app;
			};
			name = Debug;
		};
		79EE244619CB47BF007A431B /* Release */ = {
			isa = XCBuildConfiguration;
			buildSettings = {
				ALWAYS_SEARCH_USER_PATHS = NO;
				ARCHS = "$(ARCHS_STANDARD)";
				COPY_PHASE_STRIP = YES;
				GCC_PRECOMPILE_PREFIX_HEADER = YES;
				GCC_PREFIX_HEADER = "Test of Upgrade/Supporting Files/Prefix.pch";
				HEADER_SEARCH_PATHS = (
					"\"$(SRCROOT)/$(PROJECT_NAME)/Libraries/Chipmunk/chipmunk/include\"",
					"\"$(SRCROOT)/$(PROJECT_NAME)/Libraries/Chipmunk/objectivec/include\"",
				);
				INFOPLIST_FILE = "Test of Upgrade/Resources/Info.plist";
				LIBRARY_SEARCH_PATHS = (
					"$(inherited)",
					"$(PROJECT_DIR)/Test",
					of,
					"Upgrade/libs/cocos2d-iphone/build/Debug",
					"$(PROJECT_DIR)/Test",
					of,
					"Upgrade/libs/cocos2d-iphone/build/Release",
					"$(PROJECT_DIR)/Test",
					of,
					"Upgrade/libs/cocos2d-iphone/external/Chipmunk/msvc/glew/lib/Release/Win32",
					"$(PROJECT_DIR)/Test",
					of,
					"Upgrade/libs/cocos2d-iphone/external/Chipmunk/msvc/glfw/lib-msvc100",
					"$(PROJECT_DIR)/Test",
					of,
					"Upgrade/libs/cocos2d-iphone/external/Chipmunk/xcode/build/Chipmunk7.build/Release-iphoneos/ChipmunkStatic-iPhone.build/Objects-normal/armv7",
					"$(PROJECT_DIR)/Test",
					of,
					"Upgrade/libs/cocos2d-iphone/external/Chipmunk/xcode/build/Chipmunk7.build/Release-iphoneos/ChipmunkStatic-iPhone.build/Objects-normal/armv7s",
					"$(PROJECT_DIR)/Test",
					of,
					"Upgrade/libs/cocos2d-iphone/external/Chipmunk/xcode/build/Chipmunk7.build/Release-iphoneos/ObjectiveChipmunk.build/Objects-normal/armv7",
					"$(PROJECT_DIR)/Test",
					of,
					"Upgrade/libs/cocos2d-iphone/external/Chipmunk/xcode/build/Chipmunk7.build/Release-iphoneos/ObjectiveChipmunk.build/Objects-normal/armv7s",
					"$(PROJECT_DIR)/Test",
					of,
					"Upgrade/libs/cocos2d-iphone/external/Chipmunk/xcode/build/Debug-iphoneos",
					"$(PROJECT_DIR)/Test",
					of,
					"Upgrade/libs/cocos2d-iphone/external/Chipmunk/xcode/build/Release",
					"$(PROJECT_DIR)/Test",
					of,
					"Upgrade/libs/cocos2d-iphone/external/Chipmunk/xcode/build/Release-iphoneos",
					"$(PROJECT_DIR)/Test",
					of,
					"Upgrade/libs/cocos2d-iphone/external/Chipmunk/xcode/libGLEW/lib",
					"$(PROJECT_DIR)/Test",
					of,
					"Upgrade/libs/cocos2d-iphone/external/Chipmunk/xcode/libglfw/lib",
				);
				OTHER_LDFLAGS = (
					"-lz",
					"-lsqlite3",
					"-ObjC",
				);
				PRODUCT_NAME = "$(TARGET_NAME)";
				VALIDATE_PRODUCT = YES;
				WRAPPER_EXTENSION = app;
			};
			name = Release;
		};
/* End XCBuildConfiguration section */

/* Begin XCConfigurationList section */
		79EE219719CB47BD007A431B /* Build configuration list for PBXProject "Test of Upgrade" */ = {
			isa = XCConfigurationList;
			buildConfigurations = (
				79EE243F19CB47BF007A431B /* Debug */,
				79EE244019CB47BF007A431B /* Release */,
			);
			defaultConfigurationIsVisible = 0;
			defaultConfigurationName = Release;
		};
		79EE244119CB47BF007A431B /* Build configuration list for PBXNativeTarget "ObjectiveChipmunk" */ = {
			isa = XCConfigurationList;
			buildConfigurations = (
				79EE244219CB47BF007A431B /* Debug */,
				79EE244319CB47BF007A431B /* Release */,
			);
			defaultConfigurationIsVisible = 0;
		};
		79EE244419CB47BF007A431B /* Build configuration list for PBXNativeTarget "Test of Upgrade" */ = {
			isa = XCConfigurationList;
			buildConfigurations = (
				79EE244519CB47BF007A431B /* Debug */,
				79EE244619CB47BF007A431B /* Release */,
			);
			defaultConfigurationIsVisible = 0;
		};
/* End XCConfigurationList section */
	};
	rootObject = 79EE219419CB47BD007A431B /* Project object */;
}
